
Microsoft Visual Studio Solution File, Format Version 12.00
# Visual Studio 2015
Project("{FAE04EC0-301F-11D3-BF4B-00C04F79EFBC}") = "太鼓の達人", "太鼓の達人.csproj", "{BE70B50D-360A-D3BA-A3A1-11FB1A0CC1CA}"
EndProject
Global
	GlobalSection(SolutionConfigurationPlatforms) = preSolution
		Debug|Any CPU = Debug|Any CPU
		Release|Any CPU = Release|Any CPU
	EndGlobalSection
	GlobalSection(ProjectConfigurationPlatforms) = postSolution
		{BE70B50D-360A-D3BA-A3A1-11FB1A0CC1CA}.Debug|Any CPU.ActiveCfg = Debug|Any CPU
		{BE70B50D-360A-D3BA-A3A1-11FB1A0CC1CA}.Debug|Any CPU.Build.0 = Debug|Any CPU
		{BE70B50D-360A-D3BA-A3A1-11FB1A0CC1CA}.Release|Any CPU.ActiveCfg = Release|Any CPU
		{BE70B50D-360A-D3BA-A3A1-11FB1A0CC1CA}.Release|Any CPU.Build.0 = Release|Any CPU
	EndGlobalSection
	GlobalSection(SolutionProperties) = preSolution
		HideSolutionNode = FALSE
	EndGlobalSection
EndGlobal
